github.com/agl/gcmsiv v0.0.0-20190418185415-e8dcd2f151dc h1:MB338WDPuyQ8qXRiSRK2NVTv0EmLYsHXZAevEiQO1+c=
github.com/agl/gcmsiv v0.0.0-20190418185415-e8dcd2f151dc/go.mod h1:5joDAvk82M2Cx1X8mAL5Orvhy5lfW4BjrTCW65wbvRo=
golang.org/x/crypto v0.57.0 h1:3ZVCjf8Ggz7zneR/EHRVx68Ctf+2pmIMP2UFhh9cC6M=
golang.org/x/crypto v0.57.0/go.mod h1:Fdz0i5U6CoizGwLda9DttjSk6qlZo25zYNtR+ycvuZA=
golang.org/x/sys v0.48.0 h1:bbX/i/6MgT9BVLM9RT1thmxL04yeTAhbEz4SyadbXoo=
golang.org/x/sys v0.48.0/go.mod h1:hNLxWAXmnKAxqDtdwIYC4bM9oQPEecfsnNMuSxOs3og=
